# This file is automatically @generated by Cargo.
# It is not intended for manual editing.
version = 4

[[package]]
name = "aurexalis-blocker"
version = "0.1.0"
dependencies = [
 "aurexalis-core",
]

[[package]]
name = "aurexalis-core"
version = "0.1.0"

[[package]]
name = "aurexalis-importer"
version = "0.1.0"
dependencies = [
 "aurexalis-core",
]

[[package]]
name = "aurexalis-remotefs"
version = "0.1.0"
